{
  "name": "mobile-individual",
  "version": "1.0.0",
  "lockfileVersion": 3,
  "requires": true,
  "author": "Deyvson",
  "description": "Um app que vai medir calorias com base na foto",
  "license": "MIT",
  "main": "index.js",
  "packages": {
    "": {
      "name": "mobile-individual",
      "version": "1.0.0"
    }
  },
  "scripts": {
    "start": "node index.js"
  }
}
